
Microsoft Visual Studio Solution File, Format Version 12.00
# Visual Studio 15
VisualStudioVersion = 15.0.27130.2024
MinimumVisualStudioVersion = 10.0.40219.1
Project("{FAE04EC0-301F-11D3-BF4B-00C04F79EFBC}") = "Caliburn.Micro.MEF", "Caliburn.Micro.MEF\Caliburn.Micro.MEF.csproj", "{42CAD2D5-F930-44C0-A9A1-E41882166B62}"
EndProject
Project("{FAE04EC0-301F-11D3-BF4B-00C04F79EFBC}") = "Caliburn.Micro.SimpleContainer", "Caliburn.Micro.SimpleContainer\Caliburn.Micro.SimpleContainer.csproj", "{7CB062CE-F0F1-4B1F-B033-E86B6B791163}"
EndProject
Project("{FAE04EC0-301F-11D3-BF4B-00C04F79EFBC}") = "Caliburn.Micro Starter Kit", "..\VSIX Package\Caliburn.Micro Starter Kit\Caliburn.Micro Starter Kit.csproj", "{E125FA84-CFBF-4FE8-9B6E-45CB1BE8DF58}"
EndProject
Global
	GlobalSection(SolutionConfigurationPlatforms) = preSolution
		Debug|Any CPU = Debug|Any CPU
		Release|Any CPU = Release|Any CPU
	EndGlobalSection
	GlobalSection(ProjectConfigurationPlatforms) = postSolution
		{42CAD2D5-F930-44C0-A9A1-E41882166B62}.Debug|Any CPU.ActiveCfg = Debug|Any CPU
		{42CAD2D5-F930-44C0-A9A1-E41882166B62}.Debug|Any CPU.Build.0 = Debug|Any CPU
		{42CAD2D5-F930-44C0-A9A1-E41882166B62}.Release|Any CPU.ActiveCfg = Release|Any CPU
		{42CAD2D5-F930-44C0-A9A1-E41882166B62}.Release|Any CPU.Build.0 = Release|Any CPU
		{7CB062CE-F0F1-4B1F-B033-E86B6B791163}.Debug|Any CPU.ActiveCfg = Debug|Any CPU
		{7CB062CE-F0F1-4B1F-B033-E86B6B791163}.Debug|Any CPU.Build.0 = Debug|Any CPU
		{7CB062CE-F0F1-4B1F-B033-E86B6B791163}.Release|Any CPU.ActiveCfg = Release|Any CPU
		{7CB062CE-F0F1-4B1F-B033-E86B6B791163}.Release|Any CPU.Build.0 = Release|Any CPU
		{E125FA84-CFBF-4FE8-9B6E-45CB1BE8DF58}.Debug|Any CPU.ActiveCfg = Debug|Any CPU
		{E125FA84-CFBF-4FE8-9B6E-45CB1BE8DF58}.Debug|Any CPU.Build.0 = Debug|Any CPU
		{E125FA84-CFBF-4FE8-9B6E-45CB1BE8DF58}.Release|Any CPU.ActiveCfg = Release|Any CPU
		{E125FA84-CFBF-4FE8-9B6E-45CB1BE8DF58}.Release|Any CPU.Build.0 = Release|Any CPU
	EndGlobalSection
	GlobalSection(SolutionProperties) = preSolution
		HideSolutionNode = FALSE
	EndGlobalSection
	GlobalSection(ExtensibilityGlobals) = postSolution
		SolutionGuid = {C15040F7-78D6-45BD-89C7-676179B5070F}
	EndGlobalSection
EndGlobal
